{
  "name": "emailwithnode",
  "lockfileVersion": 2,
  "requires": true,
  "packages": {
    "": {
      "dependencies": {
        "dotenv": "^16.0.3",
        "nodemailer": "^6.9.1"
      }
    },
    "node_modules/dotenv": {
      "version": "16.0.3",
      "resolved": "https://registry.npmjs.org/dotenv/-/dotenv-16.0.3.tgz",
      "integrity": "sha512-7GO6HghkA5fYG9TYnNxi14/7K9f5occMlp3zXAuSxn7CKCxt9xbNWG7yF8hTCSUchlfWSe3uLmlPfigevRItzQ==",
      "engines": {
        "node": ">=12"
      }
    },
    "node_modules/nodemailer": {
      "version": "6.9.1",
      "resolved": "https://registry.npmjs.org/nodemailer/-/nodemailer-6.9.1.tgz",
      "integrity": "sha512-qHw7dOiU5UKNnQpXktdgQ1d3OFgRAekuvbJLcdG5dnEo/GtcTHRYM7+UfJARdOFU9WUQO8OiIamgWPmiSFHYAA==",
      "engines": {
        "node": ">=6.0.0"
      }
    }
  },
  "dependencies": {
    "dotenv": {
      "version": "16.0.3",
      "resolved": "https://registry.npmjs.org/dotenv/-/dotenv-16.0.3.tgz",
      "integrity": "sha512-7GO6HghkA5fYG9TYnNxi14/7K9f5occMlp3zXAuSxn7CKCxt9xbNWG7yF8hTCSUchlfWSe3uLmlPfigevRItzQ=="
    },
    "nodemailer": {
      "version": "6.9.1",
      "resolved": "https://registry.npmjs.org/nodemailer/-/nodemailer-6.9.1.tgz",
      "integrity": "sha512-qHw7dOiU5UKNnQpXktdgQ1d3OFgRAekuvbJLcdG5dnEo/GtcTHRYM7+UfJARdOFU9WUQO8OiIamgWPmiSFHYAA=="
    }
  }
}
